// !$*UTF8*$!
{
	archiveVersion = 1;
	classes = {
	};
	objectVersion = 77;
	objects = {

/* Begin PBXBuildFile section */
		5A2DF55A2CE5360B00EA267D /* Auth in Frameworks */ = {isa = PBXBuildFile; productRef = 5A2DF5592CE5360B00EA267D /* Auth */; };
		5A2DF55C2CE5360B00EA267D /* Functions in Frameworks */ = {isa = PBXBuildFile; productRef = 5A2DF55B2CE5360B00EA267D /* Functions */; };
		5A2DF55E2CE5360B00EA267D /* PostgREST in Frameworks */ = {isa = PBXBuildFile; productRef = 5A2DF55D2CE5360B00EA267D /* PostgREST */; };
		5A2DF5602CE5360B00EA267D /* Realtime in Frameworks */ = {isa = PBXBuildFile; productRef = 5A2DF55F2CE5360B00EA267D /* Realtime */; };
		5A2DF5622CE5360B00EA267D /* Storage in Frameworks */ = {isa = PBXBuildFile; productRef = 5A2DF5612CE5360B00EA267D /* Storage */; };
		5A2DF5642CE5360B00EA267D /* Supabase in Frameworks */ = {isa = PBXBuildFile; productRef = 5A2DF5632CE5360B00EA267D /* Supabase */; };
/* End PBXBuildFile section */

/* Begin PBXContainerItemProxy section */
		5A2DF42F2CE274DA00EA267D /* PBXContainerItemProxy */ = {
			isa = PBXContainerItemProxy;
			containerPortal = 5A2DF4162CE274D900EA267D /* Project object */;
			proxyType = 1;
			remoteGlobalIDString = 5A2DF41D2CE274D900EA267D;
			remoteInfo = QuizAppSupaBase;
		};
		5A2DF4392CE274DA00EA267D /* PBXContainerItemProxy */ = {
			isa = PBXContainerItemProxy;
			containerPortal = 5A2DF4162CE274D900EA267D /* Project object */;
			proxyType = 1;
			remoteGlobalIDString = 5A2DF41D2CE274D900EA267D;
			remoteInfo = QuizAppSupaBase;
		};
/* End PBXContainerItemProxy section */

/* Begin PBXFileReference section */
		5A2DF41E2CE274D900EA267D /* QuizAppSupaBase.app */ = {isa = PBXFileReference; explicitFileType = wrapper.application; includeInIndex = 0; path = QuizAppSupaBase.app; sourceTree = BUILT_PRODUCTS_DIR; };
		5A2DF42E2CE274DA00EA267D /* QuizAppSupaBaseTests.xctest */ = {isa = PBXFileReference; explicitFileType = wrapper.cfbundle; includeInIndex = 0; path = QuizAppSupaBaseTests.xctest; sourceTree = BUILT_PRODUCTS_DIR; };
		5A2DF4382CE274DA00EA267D /* QuizAppSupaBaseUITests.xctest */ = {isa = PBXFileReference; explicitFileType = wrapper.cfbundle; includeInIndex = 0; path = QuizAppSupaBaseUITests.xctest; sourceTree = BUILT_PRODUCTS_DIR; };
/* End PBXFileReference section */

/* Begin PBXFileSystemSynchronizedRootGroup section */
		5A2DF4202CE274D900EA267D /* QuizAppSupaBase */ = {
			isa = PBXFileSystemSynchronizedRootGroup;
			path = QuizAppSupaBase;
			sourceTree = "<group>";
		};
		5A2DF4312CE274DA00EA267D /* QuizAppSupaBaseTests */ = {
			isa = PBXFileSystemSynchronizedRootGroup;
			path = QuizAppSupaBaseTests;
			sourceTree = "<group>";
		};
		5A2DF43B2CE274DA00EA267D /* QuizAppSupaBaseUITests */ = {
			isa = PBXFileSystemSynchronizedRootGroup;
			path = QuizAppSupaBaseUITests;
			sourceTree = "<group>";
		};
/* End PBXFileSystemSynchronizedRootGroup section */

/* Begin PBXFrameworksBuildPhase section */
		5A2DF41B2CE274D900EA267D /* Frameworks */ = {
			isa = PBXFrameworksBuildPhase;
			buildActionMask = 2147483647;
			files = (
				5A2DF55E2CE5360B00EA267D /* PostgREST in Frameworks */,
				5A2DF55C2CE5360B00EA267D /* Functions in Frameworks */,
				5A2DF5642CE5360B00EA267D /* Supabase in Frameworks */,
				5A2DF55A2CE5360B00EA267D /* Auth in Frameworks */,
				5A2DF5622CE5360B00EA267D /* Storage in Frameworks */,
				5A2DF5602CE5360B00EA267D /* Realtime in Frameworks */,
			);
			runOnlyForDeploymentPostprocessing = 0;
		};
		5A2DF42B2CE274DA00EA267D /* Frameworks */ = {
			isa = PBXFrameworksBuildPhase;
			buildActionMask = 2147483647;
			files = (
			);
			runOnlyForDeploymentPostprocessing = 0;
		};
		5A2DF4352CE274DA00EA267D /* Frameworks */ = {
			isa = PBXFrameworksBuildPhase;
			buildActionMask = 2147483647;
			files = (
			);
			runOnlyForDeploymentPostprocessing = 0;
		};
/* End PBXFrameworksBuildPhase section */

/* Begin PBXGroup section */
		5A2DF4152CE274D900EA267D = {
			isa = PBXGroup;
			children = (
				5A2DF4202CE274D900EA267D /* QuizAppSupaBase */,
				5A2DF4312CE274DA00EA267D /* QuizAppSupaBaseTests */,
				5A2DF43B2CE274DA00EA267D /* QuizAppSupaBaseUITests */,
				5A2DF41F2CE274D900EA267D /* Products */,
			);
			sourceTree = "<group>";
		};
		5A2DF41F2CE274D900EA267D /* Products */ = {
			isa = PBXGroup;
			children = (
				5A2DF41E2CE274D900EA267D /* QuizAppSupaBase.app */,
				5A2DF42E2CE274DA00EA267D /* QuizAppSupaBaseTests.xctest */,
				5A2DF4382CE274DA00EA267D /* QuizAppSupaBaseUITests.xctest */,
			);
			name = Products;
			sourceTree = "<group>";
		};
/* End PBXGroup section */

/* Begin PBXNativeTarget section */
		5A2DF41D2CE274D900EA267D /* QuizAppSupaBase */ = {
			isa = PBXNativeTarget;
			buildConfigurationList = 5A2DF4422CE274DA00EA267D /* Build configuration list for PBXNativeTarget "QuizAppSupaBase" */;
			buildPhases = (
				5A2DF41A2CE274D900EA267D /* Sources */,
				5A2DF41B2CE274D900EA267D /* Frameworks */,
				5A2DF41C2CE274D900EA267D /* Resources */,
			);
			buildRules = (
			);
			dependencies = (
			);
			fileSystemSynchronizedGroups = (
				5A2DF4202CE274D900EA267D /* QuizAppSupaBase */,
			);
			name = QuizAppSupaBase;
			packageProductDependencies = (
				5A2DF5592CE5360B00EA267D /* Auth */,
				5A2DF55B2CE5360B00EA267D /* Functions */,
				5A2DF55D2CE5360B00EA267D /* PostgREST */,
				5A2DF55F2CE5360B00EA267D /* Realtime */,
				5A2DF5612CE5360B00EA267D /* Storage */,
				5A2DF5632CE5360B00EA267D /* Supabase */,
			);
			productName = QuizAppSupaBase;
			productReference = 5A2DF41E2CE274D900EA267D /* QuizAppSupaBase.app */;
			productType = "com.apple.product-type.application";
		};
		5A2DF42D2CE274DA00EA267D /* QuizAppSupaBaseTests */ = {
			isa = PBXNativeTarget;
			buildConfigurationList = 5A2DF4452CE274DA00EA267D /* Build configuration list for PBXNativeTarget "QuizAppSupaBaseTests" */;
			buildPhases = (
				5A2DF42A2CE274DA00EA267D /* Sources */,
				5A2DF42B2CE274DA00EA267D /* Frameworks */,
				5A2DF42C2CE274DA00EA267D /* Resources */,
			);
			buildRules = (
			);
			dependencies = (
				5A2DF4302CE274DA00EA267D /* PBXTargetDependency */,
			);
			fileSystemSynchronizedGroups = (
				5A2DF4312CE274DA00EA267D /* QuizAppSupaBaseTests */,
			);
			name = QuizAppSupaBaseTests;
			packageProductDependencies = (
			);
			productName = QuizAppSupaBaseTests;
			productReference = 5A2DF42E2CE274DA00EA267D /* QuizAppSupaBaseTests.xctest */;
			productType = "com.apple.product-type.bundle.unit-test";
		};
		5A2DF4372CE274DA00EA267D /* QuizAppSupaBaseUITests */ = {
			isa = PBXNativeTarget;
			buildConfigurationList = 5A2DF4482CE274DA00EA267D /* Build configuration list for PBXNativeTarget "QuizAppSupaBaseUITests" */;
			buildPhases = (
				5A2DF4342CE274DA00EA267D /* Sources */,
				5A2DF4352CE274DA00EA267D /* Frameworks */,
				5A2DF4362CE274DA00EA267D /* Resources */,
			);
			buildRules = (
			);
			dependencies = (
				5A2DF43A2CE274DA00EA267D /* PBXTargetDependency */,
			);
			fileSystemSynchronizedGroups = (
				5A2DF43B2CE274DA00EA267D /* QuizAppSupaBaseUITests */,
			);
			name = QuizAppSupaBaseUITests;
			packageProductDependencies = (
			);
			productName = QuizAppSupaBaseUITests;
			productReference = 5A2DF4382CE274DA00EA267D /* QuizAppSupaBaseUITests.xctest */;
			productType = "com.apple.product-type.bundle.ui-testing";
		};
/* End PBXNativeTarget section */

/* Begin PBXProject section */
		5A2DF4162CE274D900EA267D /* Project object */ = {
			isa = PBXProject;
			attributes = {
				BuildIndependentTargetsInParallel = 1;
				LastSwiftUpdateCheck = 1610;
				LastUpgradeCheck = 1610;
				TargetAttributes = {
					5A2DF41D2CE274D900EA267D = {
						CreatedOnToolsVersion = 16.1;
					};
					5A2DF42D2CE274DA00EA267D = {
						CreatedOnToolsVersion = 16.1;
						TestTargetID = 5A2DF41D2CE274D900EA267D;
					};
					5A2DF4372CE274DA00EA267D = {
						CreatedOnToolsVersion = 16.1;
						TestTargetID = 5A2DF41D2CE274D900EA267D;
					};
				};
			};
			buildConfigurationList = 5A2DF4192CE274D900EA267D /* Build configuration list for PBXProject "QuizAppSupaBase" */;
			developmentRegion = en;
			hasScannedForEncodings = 0;
			knownRegions = (
				en,
				Base,
			);
			mainGroup = 5A2DF4152CE274D900EA267D;
			minimizedProjectReferenceProxies = 1;
			packageReferences = (
				5A2DF5582CE5360B00EA267D /* XCRemoteSwiftPackageReference "supabase-swift" */,
			);
			preferredProjectObjectVersion = 77;
			productRefGroup = 5A2DF41F2CE274D900EA267D /* Products */;
			projectDirPath = "";
			projectRoot = "";
			targets = (
				5A2DF41D2CE274D900EA267D /* QuizAppSupaBase */,
				5A2DF42D2CE274DA00EA267D /* QuizAppSupaBaseTests */,
				5A2DF4372CE274DA00EA267D /* QuizAppSupaBaseUITests */,
			);
		};
/* End PBXProject section */

/* Begin PBXResourcesBuildPhase section */
		5A2DF41C2CE274D900EA267D /* Resources */ = {
			isa = PBXResourcesBuildPhase;
			buildActionMask = 2147483647;
			files = (
			);
			runOnlyForDeploymentPostprocessing = 0;
		};
		5A2DF42C2CE274DA00EA267D /* Resources */ = {
			isa = PBXResourcesBuildPhase;
			buildActionMask = 2147483647;
			files = (
			);
			runOnlyForDeploymentPostprocessing = 0;
		};
		5A2DF4362CE274DA00EA267D /* Resources */ = {
			isa = PBXResourcesBuildPhase;
			buildActionMask = 2147483647;
			files = (
			);
			runOnlyForDeploymentPostprocessing = 0;
		};
/* End PBXResourcesBuildPhase section */

/* Begin PBXSourcesBuildPhase section */
		5A2DF41A2CE274D900EA267D /* Sources */ = {
			isa = PBXSourcesBuildPhase;
			buildActionMask = 2147483647;
			files = (
			);
			runOnlyForDeploymentPostprocessing = 0;
		};
		5A2DF42A2CE274DA00EA267D /* Sources */ = {
			isa = PBXSourcesBuildPhase;
			buildActionMask = 2147483647;
			files = (
			);
			runOnlyForDeploymentPostprocessing = 0;
		};
		5A2DF4342CE274DA00EA267D /* Sources */ = {
			isa = PBXSourcesBuildPhase;
			buildActionMask = 2147483647;
			files = (
			);
			runOnlyForDeploymentPostprocessing = 0;
		};
/* End PBXSourcesBuildPhase section */

/* Begin PBXTargetDependency section */
		5A2DF4302CE274DA00EA267D /* PBXTargetDependency */ = {
			isa = PBXTargetDependency;
			target = 5A2DF41D2CE274D900EA267D /* QuizAppSupaBase */;
			targetProxy = 5A2DF42F2CE274DA00EA267D /* PBXContainerItemProxy */;
		};
		5A2DF43A2CE274DA00EA267D /* PBXTargetDependency */ = {
			isa = PBXTargetDependency;
			target = 5A2DF41D2CE274D900EA267D /* QuizAppSupaBase */;
			targetProxy = 5A2DF4392CE274DA00EA267D /* PBXContainerItemProxy */;
		};
/* End PBXTargetDependency section */

/* Begin XCBuildConfiguration section */
		5A2DF4402CE274DA00EA267D /* Debug */ = {
			isa = XCBuildConfiguration;
			buildSettings = {
				ALWAYS_SEARCH_USER_PATHS = NO;
				ASSETCATALOG_COMPILER_GENERATE_SWIFT_ASSET_SYMBOL_EXTENSIONS = YES;
				CLANG_ANALYZER_NONNULL = YES;
				CLANG_ANALYZER_NUMBER_OBJECT_CONVERSION = YES_AGGRESSIVE;
				CLANG_CXX_LANGUAGE_STANDARD = "gnu++20";
				CLANG_ENABLE_MODULES = YES;
				CLANG_ENABLE_OBJC_ARC = YES;
				CLANG_ENABLE_OBJC_WEAK = YES;
				CLANG_WARN_BLOCK_CAPTURE_AUTORELEASING = YES;
				CLANG_WARN_BOOL_CONVERSION = YES;
				CLANG_WARN_COMMA = YES;
				CLANG_WARN_CONSTANT_CONVERSION = YES;
				CLANG_WARN_DEPRECATED_OBJC_IMPLEMENTATIONS = YES;
				CLANG_WARN_DIRECT_OBJC_ISA_USAGE = YES_ERROR;
				CLANG_WARN_DOCUMENTATION_COMMENTS = YES;
				CLANG_WARN_EMPTY_BODY = YES;
				CLANG_WARN_ENUM_CONVERSION = YES;
				CLANG_WARN_INFINITE_RECURSION = YES;
				CLANG_WARN_INT_CONVERSION = YES;
				CLANG_WARN_NON_LITERAL_NULL_CONVERSION = YES;
				CLANG_WARN_OBJC_IMPLICIT_RETAIN_SELF = YES;
				CLANG_WARN_OBJC_LITERAL_CONVERSION = YES;
				CLANG_WARN_OBJC_ROOT_CLASS = YES_ERROR;
				CLANG_WARN_QUOTED_INCLUDE_IN_FRAMEWORK_HEADER = YES;
				CLANG_WARN_RANGE_LOOP_ANALYSIS = YES;
				CLANG_WARN_STRICT_PROTOTYPES = YES;
				CLANG_WARN_SUSPICIOUS_MOVE = YES;
				CLANG_WARN_UNGUARDED_AVAILABILITY = YES_AGGRESSIVE;
				CLANG_WARN_UNREACHABLE_CODE = YES;
				CLANG_WARN__DUPLICATE_METHOD_MATCH = YES;
				COPY_PHASE_STRIP = NO;
				DEBUG_INFORMATION_FORMAT = dwarf;
				ENABLE_STRICT_OBJC_MSGSEND = YES;
				ENABLE_TESTABILITY = YES;
				ENABLE_USER_SCRIPT_SANDBOXING = YES;
				GCC_C_LANGUAGE_STANDARD = gnu17;
				GCC_DYNAMIC_NO_PIC = NO;
				GCC_NO_COMMON_BLOCKS = YES;
				GCC_OPTIMIZATION_LEVEL = 0;
				GCC_PREPROCESSOR_DEFINITIONS = (
					"DEBUG=1",
					"$(inherited)",
				);
				GCC_WARN_64_TO_32_BIT_CONVERSION = YES;
				GCC_WARN_ABOUT_RETURN_TYPE = YES_ERROR;
				GCC_WARN_UNDECLARED_SELECTOR = YES;
				GCC_WARN_UNINITIALIZED_AUTOS = YES_AGGRESSIVE;
				GCC_WARN_UNUSED_FUNCTION = YES;
				GCC_WARN_UNUSED_VARIABLE = YES;
				IPHONEOS_DEPLOYMENT_TARGET = 18.1;
				LOCALIZATION_PREFERS_STRING_CATALOGS = YES;
				MTL_ENABLE_DEBUG_INFO = INCLUDE_SOURCE;
				MTL_FAST_MATH = YES;
				ONLY_ACTIVE_ARCH = YES;
				SDKROOT = iphoneos;
				SWIFT_ACTIVE_COMPILATION_CONDITIONS = "DEBUG $(inherited)";
				SWIFT_OPTIMIZATION_LEVEL = "-Onone";
			};
			name = Debug;
		};
		5A2DF4412CE274DA00EA267D /* Release */ = {
			isa = XCBuildConfiguration;
			buildSettings = {
				ALWAYS_SEARCH_USER_PATHS = NO;
				ASSETCATALOG_COMPILER_GENERATE_SWIFT_ASSET_SYMBOL_EXTENSIONS = YES;
				CLANG_ANALYZER_NONNULL = YES;
				CLANG_ANALYZER_NUMBER_OBJECT_CONVERSION = YES_AGGRESSIVE;
				CLANG_CXX_LANGUAGE_STANDARD = "gnu++20";
				CLANG_ENABLE_MODULES = YES;
				CLANG_ENABLE_OBJC_ARC = YES;
				CLANG_ENABLE_OBJC_WEAK = YES;
				CLANG_WARN_BLOCK_CAPTURE_AUTORELEASING = YES;
				CLANG_WARN_BOOL_CONVERSION = YES;
				CLANG_WARN_COMMA = YES;
				CLANG_WARN_CONSTANT_CONVERSION = YES;
				CLANG_WARN_DEPRECATED_OBJC_IMPLEMENTATIONS = YES;
				CLANG_WARN_DIRECT_OBJC_ISA_USAGE = YES_ERROR;
				CLANG_WARN_DOCUMENTATION_COMMENTS = YES;
				CLANG_WARN_EMPTY_BODY = YES;
				CLANG_WARN_ENUM_CONVERSION = YES;
				CLANG_WARN_INFINITE_RECURSION = YES;
				CLANG_WARN_INT_CONVERSION = YES;
				CLANG_WARN_NON_LITERAL_NULL_CONVERSION = YES;
				CLANG_WARN_OBJC_IMPLICIT_RETAIN_SELF = YES;
				CLANG_WARN_OBJC_LITERAL_CONVERSION = YES;
				CLANG_WARN_OBJC_ROOT_CLASS = YES_ERROR;
				CLANG_WARN_QUOTED_INCLUDE_IN_FRAMEWORK_HEADER = YES;
				CLANG_WARN_RANGE_LOOP_ANALYSIS = YES;
				CLANG_WARN_STRICT_PROTOTYPES = YES;
				CLANG_WARN_SUSPICIOUS_MOVE = YES;
				CLANG_WARN_UNGUARDED_AVAILABILITY = YES_AGGRESSIVE;
				CLANG_WARN_UNREACHABLE_CODE = YES;
				CLANG_WARN__DUPLICATE_METHOD_MATCH = YES;
				COPY_PHASE_STRIP = NO;
				DEBUG_INFORMATION_FORMAT = "dwarf-with-dsym";
				ENABLE_NS_ASSERTIONS = NO;
				ENABLE_STRICT_OBJC_MSGSEND = YES;
				ENABLE_USER_SCRIPT_SANDBOXING = YES;
				GCC_C_LANGUAGE_STANDARD = gnu17;
				GCC_NO_COMMON_BLOCKS = YES;
				GCC_WARN_64_TO_32_BIT_CONVERSION = YES;
				GCC_WARN_ABOUT_RETURN_TYPE = YES_ERROR;
				GCC_WARN_UNDECLARED_SELECTOR = YES;
				GCC_WARN_UNINITIALIZED_AUTOS = YES_AGGRESSIVE;
				GCC_WARN_UNUSED_FUNCTION = YES;
				GCC_WARN_UNUSED_VARIABLE = YES;
				IPHONEOS_DEPLOYMENT_TARGET = 18.1;
				LOCALIZATION_PREFERS_STRING_CATALOGS = YES;
				MTL_ENABLE_DEBUG_INFO = NO;
				MTL_FAST_MATH = YES;
				SDKROOT = iphoneos;
				SWIFT_COMPILATION_MODE = wholemodule;
				VALIDATE_PRODUCT = YES;
			};
			name = Release;
		};
		5A2DF4432CE274DA00EA267D /* Debug */ = {
			isa = XCBuildConfiguration;
			buildSettings = {
				ASSETCATALOG_COMPILER_APPICON_NAME = AppIcon;
				ASSETCATALOG_COMPILER_GLOBAL_ACCENT_COLOR_NAME = AccentColor;
				CODE_SIGN_STYLE = Automatic;
				CURRENT_PROJECT_VERSION = 1;
				DEVELOPMENT_ASSET_PATHS = "\"QuizAppSupaBase/Preview Content\"";
				ENABLE_PREVIEWS = YES;
				GENERATE_INFOPLIST_FILE = YES;
				INFOPLIST_KEY_UIApplicationSceneManifest_Generation = YES;
				INFOPLIST_KEY_UIApplicationSupportsIndirectInputEvents = YES;
				INFOPLIST_KEY_UILaunchScreen_Generation = YES;
				INFOPLIST_KEY_UISupportedInterfaceOrientations_iPad = "UIInterfaceOrientationPortrait UIInterfaceOrientationPortraitUpsideDown UIInterfaceOrientationLandscapeLeft UIInterfaceOrientationLandscapeRight";
				INFOPLIST_KEY_UISupportedInterfaceOrientations_iPhone = "UIInterfaceOrientationPortrait UIInterfaceOrientationLandscapeLeft UIInterfaceOrientationLandscapeRight";
				LD_RUNPATH_SEARCH_PATHS = (
					"$(inherited)",
					"@executable_path/Frameworks",
				);
				MARKETING_VERSION = 1.0;
				PRODUCT_BUNDLE_IDENTIFIER = student.QuizAppSupaBase;
				PRODUCT_NAME = "$(TARGET_NAME)";
				SWIFT_EMIT_LOC_STRINGS = YES;
				SWIFT_VERSION = 5.0;
				TARGETED_DEVICE_FAMILY = "1,2";
			};
			name = Debug;
		};
		5A2DF4442CE274DA00EA267D /* Release */ = {
			isa = XCBuildConfiguration;
			buildSettings = {
				ASSETCATALOG_COMPILER_APPICON_NAME = AppIcon;
				ASSETCATALOG_COMPILER_GLOBAL_ACCENT_COLOR_NAME = AccentColor;
				CODE_SIGN_STYLE = Automatic;
				CURRENT_PROJECT_VERSION = 1;
				DEVELOPMENT_ASSET_PATHS = "\"QuizAppSupaBase/Preview Content\"";
				ENABLE_PREVIEWS = YES;
				GENERATE_INFOPLIST_FILE = YES;
				INFOPLIST_KEY_UIApplicationSceneManifest_Generation = YES;
				INFOPLIST_KEY_UIApplicationSupportsIndirectInputEvents = YES;
				INFOPLIST_KEY_UILaunchScreen_Generation = YES;
				INFOPLIST_KEY_UISupportedInterfaceOrientations_iPad = "UIInterfaceOrientationPortrait UIInterfaceOrientationPortraitUpsideDown UIInterfaceOrientationLandscapeLeft UIInterfaceOrientationLandscapeRight";
				INFOPLIST_KEY_UISupportedInterfaceOrientations_iPhone = "UIInterfaceOrientationPortrait UIInterfaceOrientationLandscapeLeft UIInterfaceOrientationLandscapeRight";
				LD_RUNPATH_SEARCH_PATHS = (
					"$(inherited)",
					"@executable_path/Frameworks",
				);
				MARKETING_VERSION = 1.0;
				PRODUCT_BUNDLE_IDENTIFIER = student.QuizAppSupaBase;
				PRODUCT_NAME = "$(TARGET_NAME)";
				SWIFT_EMIT_LOC_STRINGS = YES;
				SWIFT_VERSION = 5.0;
				TARGETED_DEVICE_FAMILY = "1,2";
			};
			name = Release;
		};
		5A2DF4462CE274DA00EA267D /* Debug */ = {
			isa = XCBuildConfiguration;
			buildSettings = {
				BUNDLE_LOADER = "$(TEST_HOST)";
				CODE_SIGN_STYLE = Automatic;
				CURRENT_PROJECT_VERSION = 1;
				GENERATE_INFOPLIST_FILE = YES;
				IPHONEOS_DEPLOYMENT_TARGET = 18.1;
				MARKETING_VERSION = 1.0;
				PRODUCT_BUNDLE_IDENTIFIER = student.QuizAppSupaBaseTests;
				PRODUCT_NAME = "$(TARGET_NAME)";
				SWIFT_EMIT_LOC_STRINGS = NO;
				SWIFT_VERSION = 5.0;
				TARGETED_DEVICE_FAMILY = "1,2";
				TEST_HOST = "$(BUILT_PRODUCTS_DIR)/QuizAppSupaBase.app/$(BUNDLE_EXECUTABLE_FOLDER_PATH)/QuizAppSupaBase";
			};
			name = Debug;
		};
		5A2DF4472CE274DA00EA267D /* Release */ = {
			isa = XCBuildConfiguration;
			buildSettings = {
				BUNDLE_LOADER = "$(TEST_HOST)";
				CODE_SIGN_STYLE = Automatic;
				CURRENT_PROJECT_VERSION = 1;
				GENERATE_INFOPLIST_FILE = YES;
				IPHONEOS_DEPLOYMENT_TARGET = 18.1;
				MARKETING_VERSION = 1.0;
				PRODUCT_BUNDLE_IDENTIFIER = student.QuizAppSupaBaseTests;
				PRODUCT_NAME = "$(TARGET_NAME)";
				SWIFT_EMIT_LOC_STRINGS = NO;
				SWIFT_VERSION = 5.0;
				TARGETED_DEVICE_FAMILY = "1,2";
				TEST_HOST = "$(BUILT_PRODUCTS_DIR)/QuizAppSupaBase.app/$(BUNDLE_EXECUTABLE_FOLDER_PATH)/QuizAppSupaBase";
			};
			name = Release;
		};
		5A2DF4492CE274DA00EA267D /* Debug */ = {
			isa = XCBuildConfiguration;
			buildSettings = {
				CODE_SIGN_STYLE = Automatic;
				CURRENT_PROJECT_VERSION = 1;
				GENERATE_INFOPLIST_FILE = YES;
				MARKETING_VERSION = 1.0;
				PRODUCT_BUNDLE_IDENTIFIER = student.QuizAppSupaBaseUITests;
				PRODUCT_NAME = "$(TARGET_NAME)";
				SWIFT_EMIT_LOC_STRINGS = NO;
				SWIFT_VERSION = 5.0;
				TARGETED_DEVICE_FAMILY = "1,2";
				TEST_TARGET_NAME = QuizAppSupaBase;
			};
			name = Debug;
		};
		5A2DF44A2CE274DA00EA267D /* Release */ = {
			isa = XCBuildConfiguration;
			buildSettings = {
				CODE_SIGN_STYLE = Automatic;
				CURRENT_PROJECT_VERSION = 1;
				GENERATE_INFOPLIST_FILE = YES;
				MARKETING_VERSION = 1.0;
				PRODUCT_BUNDLE_IDENTIFIER = student.QuizAppSupaBaseUITests;
				PRODUCT_NAME = "$(TARGET_NAME)";
				SWIFT_EMIT_LOC_STRINGS = NO;
				SWIFT_VERSION = 5.0;
				TARGETED_DEVICE_FAMILY = "1,2";
				TEST_TARGET_NAME = QuizAppSupaBase;
			};
			name = Release;
		};
/* End XCBuildConfiguration section */

/* Begin XCConfigurationList section */
		5A2DF4192CE274D900EA267D /* Build configuration list for PBXProject "QuizAppSupaBase" */ = {
			isa = XCConfigurationList;
			buildConfigurations = (
				5A2DF4402CE274DA00EA267D /* Debug */,
				5A2DF4412CE274DA00EA267D /* Release */,
			);
			defaultConfigurationIsVisible = 0;
			defaultConfigurationName = Release;
		};
		5A2DF4422CE274DA00EA267D /* Build configuration list for PBXNativeTarget "QuizAppSupaBase" */ = {
			isa = XCConfigurationList;
			buildConfigurations = (
				5A2DF4432CE274DA00EA267D /* Debug */,
				5A2DF4442CE274DA00EA267D /* Release */,
			);
			defaultConfigurationIsVisible = 0;
			defaultConfigurationName = Release;
		};
		5A2DF4452CE274DA00EA267D /* Build configuration list for PBXNativeTarget "QuizAppSupaBaseTests" */ = {
			isa = XCConfigurationList;
			buildConfigurations = (
				5A2DF4462CE274DA00EA267D /* Debug */,
				5A2DF4472CE274DA00EA267D /* Release */,
			);
			defaultConfigurationIsVisible = 0;
			defaultConfigurationName = Release;
		};
		5A2DF4482CE274DA00EA267D /* Build configuration list for PBXNativeTarget "QuizAppSupaBaseUITests" */ = {
			isa = XCConfigurationList;
			buildConfigurations = (
				5A2DF4492CE274DA00EA267D /* Debug */,
				5A2DF44A2CE274DA00EA267D /* Release */,
			);
			defaultConfigurationIsVisible = 0;
			defaultConfigurationName = Release;
		};
/* End XCConfigurationList section */

/* Begin XCRemoteSwiftPackageReference section */
		5A2DF5582CE5360B00EA267D /* XCRemoteSwiftPackageReference "supabase-swift" */ = {
			isa = XCRemoteSwiftPackageReference;
			repositoryURL = "https://github.com/supabase/supabase-swift.git";
			requirement = {
				kind = upToNextMajorVersion;
				minimumVersion = 2.5.1;
			};
		};
/* End XCRemoteSwiftPackageReference section */

/* Begin XCSwiftPackageProductDependency section */
		5A2DF5592CE5360B00EA267D /* Auth */ = {
			isa = XCSwiftPackageProductDependency;
			package = 5A2DF5582CE5360B00EA267D /* XCRemoteSwiftPackageReference "supabase-swift" */;
			productName = Auth;
		};
		5A2DF55B2CE5360B00EA267D /* Functions */ = {
			isa = XCSwiftPackageProductDependency;
			package = 5A2DF5582CE5360B00EA267D /* XCRemoteSwiftPackageReference "supabase-swift" */;
			productName = Functions;
		};
		5A2DF55D2CE5360B00EA267D /* PostgREST */ = {
			isa = XCSwiftPackageProductDependency;
			package = 5A2DF5582CE5360B00EA267D /* XCRemoteSwiftPackageReference "supabase-swift" */;
			productName = PostgREST;
		};
		5A2DF55F2CE5360B00EA267D /* Realtime */ = {
			isa = XCSwiftPackageProductDependency;
			package = 5A2DF5582CE5360B00EA267D /* XCRemoteSwiftPackageReference "supabase-swift" */;
			productName = Realtime;
		};
		5A2DF5612CE5360B00EA267D /* Storage */ = {
			isa = XCSwiftPackageProductDependency;
			package = 5A2DF5582CE5360B00EA267D /* XCRemoteSwiftPackageReference "supabase-swift" */;
			productName = Storage;
		};
		5A2DF5632CE5360B00EA267D /* Supabase */ = {
			isa = XCSwiftPackageProductDependency;
			package = 5A2DF5582CE5360B00EA267D /* XCRemoteSwiftPackageReference "supabase-swift" */;
			productName = Supabase;
		};
/* End XCSwiftPackageProductDependency section */
	};
	rootObject = 5A2DF4162CE274D900EA267D /* Project object */;
}
